{
  "name": "LoadBalancing",
  "lockfileVersion": 3,
  "requires": true,
  "packages": {
    "": {
      "dependencies": {
        "find-free-ports": "^3.1.1"
      }
    },
    "node_modules/find-free-ports": {
      "version": "3.1.1",
      "resolved": "https://registry.npmjs.org/find-free-ports/-/find-free-ports-3.1.1.tgz",
      "integrity": "sha512-hQebewth9i5qkf0a0u06iFaxQssk5ZnPBBggsa1vk8zCYaZoz9IZXpoRLTbEOrYdqfrjvcxU00gYoCPgmXugKA==",
      "license": "MIT"
    }
  }
}
